
Microsoft Visual Studio Solution File, Format Version 12.00
# Visual Studio Version 16
VisualStudioVersion = 16.0.31702.278
MinimumVisualStudioVersion = 10.0.40219.1
Project("{8BC9CEB8-8B4A-11D0-8D11-00A0C91BC942}") = "MathLibApp", "MathLibApp\MathLibApp.vcxproj", "{968A32CB-1851-4CE6-804F-EE57DDC235A4}"
EndProject
Project("{8BC9CEB8-8B4A-11D0-8D11-00A0C91BC942}") = "MathLib", "..\MathLib\MathLib.vcxproj", "{97B0A6B4-79CA-46D7-A307-652B05C8BB48}"
EndProject
Global
	GlobalSection(SolutionConfigurationPlatforms) = preSolution
		Debug|x64 = Debug|x64
		Debug|x86 = Debug|x86
		Release|x64 = Release|x64
		Release|x86 = Release|x86
	EndGlobalSection
	GlobalSection(ProjectConfigurationPlatforms) = postSolution
		{968A32CB-1851-4CE6-804F-EE57DDC235A4}.Debug|x64.ActiveCfg = Debug|x64
		{968A32CB-1851-4CE6-804F-EE57DDC235A4}.Debug|x64.Build.0 = Debug|x64
		{968A32CB-1851-4CE6-804F-EE57DDC235A4}.Debug|x86.ActiveCfg = Debug|Win32
		{968A32CB-1851-4CE6-804F-EE57DDC235A4}.Debug|x86.Build.0 = Debug|Win32
		{968A32CB-1851-4CE6-804F-EE57DDC235A4}.Release|x64.ActiveCfg = Release|x64
		{968A32CB-1851-4CE6-804F-EE57DDC235A4}.Release|x64.Build.0 = Release|x64
		{968A32CB-1851-4CE6-804F-EE57DDC235A4}.Release|x86.ActiveCfg = Release|Win32
		{968A32CB-1851-4CE6-804F-EE57DDC235A4}.Release|x86.Build.0 = Release|Win32
		{97B0A6B4-79CA-46D7-A307-652B05C8BB48}.Debug|x64.ActiveCfg = Debug|x64
		{97B0A6B4-79CA-46D7-A307-652B05C8BB48}.Debug|x64.Build.0 = Debug|x64
		{97B0A6B4-79CA-46D7-A307-652B05C8BB48}.Debug|x86.ActiveCfg = Debug|Win32
		{97B0A6B4-79CA-46D7-A307-652B05C8BB48}.Debug|x86.Build.0 = Debug|Win32
		{97B0A6B4-79CA-46D7-A307-652B05C8BB48}.Release|x64.ActiveCfg = Release|x64
		{97B0A6B4-79CA-46D7-A307-652B05C8BB48}.Release|x64.Build.0 = Release|x64
		{97B0A6B4-79CA-46D7-A307-652B05C8BB48}.Release|x86.ActiveCfg = Release|Win32
		{97B0A6B4-79CA-46D7-A307-652B05C8BB48}.Release|x86.Build.0 = Release|Win32
	EndGlobalSection
	GlobalSection(SolutionProperties) = preSolution
		HideSolutionNode = FALSE
	EndGlobalSection
	GlobalSection(ExtensibilityGlobals) = postSolution
		SolutionGuid = {B9029B13-CA21-43B8-AB36-7F8F2E19CF91}
	EndGlobalSection
EndGlobal
